
Microsoft Visual Studio Solution File, Format Version 12.00
# Visual Studio Version 16
VisualStudioVersion = 16.0.30907.101
MinimumVisualStudioVersion = 10.0.40219.1
Project("{8BC9CEB8-8B4A-11D0-8D11-00A0C91BC942}") = "BlackJackClient", "BlackJackClient\BlackJackClient.vcxproj", "{286D1391-53C0-4AAC-98A2-2D7043A8B2A1}"
EndProject
Global
	GlobalSection(SolutionConfigurationPlatforms) = preSolution
		Debug|x64 = Debug|x64
		Debug|x86 = Debug|x86
		Release|x64 = Release|x64
		Release|x86 = Release|x86
	EndGlobalSection
	GlobalSection(ProjectConfigurationPlatforms) = postSolution
		{286D1391-53C0-4AAC-98A2-2D7043A8B2A1}.Debug|x64.ActiveCfg = Debug|x64
		{286D1391-53C0-4AAC-98A2-2D7043A8B2A1}.Debug|x64.Build.0 = Debug|x64
		{286D1391-53C0-4AAC-98A2-2D7043A8B2A1}.Debug|x86.ActiveCfg = Debug|Win32
		{286D1391-53C0-4AAC-98A2-2D7043A8B2A1}.Debug|x86.Build.0 = Debug|Win32
		{286D1391-53C0-4AAC-98A2-2D7043A8B2A1}.Release|x64.ActiveCfg = Release|x64
		{286D1391-53C0-4AAC-98A2-2D7043A8B2A1}.Release|x64.Build.0 = Release|x64
		{286D1391-53C0-4AAC-98A2-2D7043A8B2A1}.Release|x86.ActiveCfg = Release|Win32
		{286D1391-53C0-4AAC-98A2-2D7043A8B2A1}.Release|x86.Build.0 = Release|Win32
	EndGlobalSection
	GlobalSection(SolutionProperties) = preSolution
		HideSolutionNode = FALSE
	EndGlobalSection
	GlobalSection(ExtensibilityGlobals) = postSolution
		SolutionGuid = {0FABBAC1-7CC2-4B28-A420-AF97BAD6148C}
	EndGlobalSection
EndGlobal
